
Microsoft Visual Studio Solution File, Format Version 12.00
# Visual Studio 2012
Project("{8BC9CEB8-8B4A-11D0-8D11-00A0C91BC942}") = "cppAlgorithm", "cppAlgorithm.vcxproj", "{F3540248-8C19-414B-BFCD-0B8A3048BF86}"
EndProject
Project("{8BC9CEB8-8B4A-11D0-8D11-00A0C91BC942}") = "algorithmUnitTest", "..\algorithmUnitTest\algorithmUnitTest.vcxproj", "{7C0690BE-8960-4B79-9525-65A6E6B35E52}"
EndProject
Global
	GlobalSection(SolutionConfigurationPlatforms) = preSolution
		Debug|Win32 = Debug|Win32
		Release|Win32 = Release|Win32
	EndGlobalSection
	GlobalSection(ProjectConfigurationPlatforms) = postSolution
		{F3540248-8C19-414B-BFCD-0B8A3048BF86}.Debug|Win32.ActiveCfg = Debug|Win32
		{F3540248-8C19-414B-BFCD-0B8A3048BF86}.Debug|Win32.Build.0 = Debug|Win32
		{F3540248-8C19-414B-BFCD-0B8A3048BF86}.Release|Win32.ActiveCfg = Release|Win32
		{F3540248-8C19-414B-BFCD-0B8A3048BF86}.Release|Win32.Build.0 = Release|Win32
		{7C0690BE-8960-4B79-9525-65A6E6B35E52}.Debug|Win32.ActiveCfg = Debug|Win32
		{7C0690BE-8960-4B79-9525-65A6E6B35E52}.Debug|Win32.Build.0 = Debug|Win32
		{7C0690BE-8960-4B79-9525-65A6E6B35E52}.Release|Win32.ActiveCfg = Release|Win32
		{7C0690BE-8960-4B79-9525-65A6E6B35E52}.Release|Win32.Build.0 = Release|Win32
	EndGlobalSection
	GlobalSection(SolutionProperties) = preSolution
		HideSolutionNode = FALSE
	EndGlobalSection
EndGlobal
